// !$*UTF8*$!
{
	archiveVersion = 1;
	classes = {
	};
	objectVersion = 46;
	objects = {

/* Begin PBXBuildFile section */
		A5EAF9271AF12FC300D4C32F /* main.m in Sources */ = {isa = PBXBuildFile; fileRef = A5EAF9261AF12FC300D4C32F /* main.m */; };
		A5EAF92A1AF12FC300D4C32F /* AppDelegate.m in Sources */ = {isa = PBXBuildFile; fileRef = A5EAF9291AF12FC300D4C32F /* AppDelegate.m */; };
		A5EAF92D1AF12FC300D4C32F /* ViewController.m in Sources */ = {isa = PBXBuildFile; fileRef = A5EAF92C1AF12FC300D4C32F /* ViewController.m */; };
		A5EAF9301AF12FC300D4C32F /* Main.storyboard in Resources */ = {isa = PBXBuildFile; fileRef = A5EAF92E1AF12FC300D4C32F /* Main.storyboard */; };
		A5EAF9321AF12FC300D4C32F /* Images.xcassets in Resources */ = {isa = PBXBuildFile; fileRef = A5EAF9311AF12FC300D4C32F /* Images.xcassets */; };
		A5EAF9351AF12FC300D4C32F /* LaunchScreen.xib in Resources */ = {isa = PBXBuildFile; fileRef = A5EAF9331AF12FC300D4C32F /* LaunchScreen.xib */; };
		A5EAF9411AF12FC300D4C32F /* WednesdayStretchProblemTests.m in Sources */ = {isa = PBXBuildFile; fileRef = A5EAF9401AF12FC300D4C32F /* WednesdayStretchProblemTests.m */; };
		A5EAF94B1AF1332C00D4C32F /* dictionary.plist in Resources */ = {isa = PBXBuildFile; fileRef = A5EAF94A1AF1332C00D4C32F /* dictionary.plist */; };
/* End PBXBuildFile section */

/* Begin PBXContainerItemProxy section */
		A5EAF93B1AF12FC300D4C32F /* PBXContainerItemProxy */ = {
			isa = PBXContainerItemProxy;
			containerPortal = A5EAF9191AF12FC300D4C32F /* Project object */;
			proxyType = 1;
			remoteGlobalIDString = A5EAF9201AF12FC300D4C32F;
			remoteInfo = WednesdayStretchProblem;
		};
/* End PBXContainerItemProxy section */

/* Begin PBXFileReference section */
		A5EAF9211AF12FC300D4C32F /* WednesdayStretchProblem.app */ = {isa = PBXFileReference; explicitFileType = wrapper.application; includeInIndex = 0; path = WednesdayStretchProblem.app; sourceTree = BUILT_PRODUCTS_DIR; };
		A5EAF9251AF12FC300D4C32F /* Info.plist */ = {isa = PBXFileReference; lastKnownFileType = text.plist.xml; path = Info.plist; sourceTree = "<group>"; };
		A5EAF9261AF12FC300D4C32F /* main.m */ = {isa = PBXFileReference; lastKnownFileType = sourcecode.c.objc; path = main.m; sourceTree = "<group>"; };
		A5EAF9281AF12FC300D4C32F /* AppDelegate.h */ = {isa = PBXFileReference; lastKnownFileType = sourcecode.c.h; path = AppDelegate.h; sourceTree = "<group>"; };
		A5EAF9291AF12FC300D4C32F /* AppDelegate.m */ = {isa = PBXFileReference; lastKnownFileType = sourcecode.c.objc; path = AppDelegate.m; sourceTree = "<group>"; };
		A5EAF92B1AF12FC300D4C32F /* ViewController.h */ = {isa = PBXFileReference; lastKnownFileType = sourcecode.c.h; path = ViewController.h; sourceTree = "<group>"; };
		A5EAF92C1AF12FC300D4C32F /* ViewController.m */ = {isa = PBXFileReference; lastKnownFileType = sourcecode.c.objc; path = ViewController.m; sourceTree = "<group>"; };
		A5EAF92F1AF12FC300D4C32F /* Base */ = {isa = PBXFileReference; lastKnownFileType = file.storyboard; name = Base; path = Base.lproj/Main.storyboard; sourceTree = "<group>"; };
		A5EAF9311AF12FC300D4C32F /* Images.xcassets */ = {isa = PBXFileReference; lastKnownFileType = folder.assetcatalog; path = Images.xcassets; sourceTree = "<group>"; };
		A5EAF9341AF12FC300D4C32F /* Base */ = {isa = PBXFileReference; lastKnownFileType = file.xib; name = Base; path = Base.lproj/LaunchScreen.xib; sourceTree = "<group>"; };
		A5EAF93A1AF12FC300D4C32F /* WednesdayStretchProblemTests.xctest */ = {isa = PBXFileReference; explicitFileType = wrapper.cfbundle; includeInIndex = 0; path = WednesdayStretchProblemTests.xctest; sourceTree = BUILT_PRODUCTS_DIR; };
		A5EAF93F1AF12FC300D4C32F /* Info.plist */ = {isa = PBXFileReference; lastKnownFileType = text.plist.xml; path = Info.plist; sourceTree = "<group>"; };
		A5EAF9401AF12FC300D4C32F /* WednesdayStretchProblemTests.m */ = {isa = PBXFileReference; lastKnownFileType = sourcecode.c.objc; path = WednesdayStretchProblemTests.m; sourceTree = "<group>"; };
		A5EAF94A1AF1332C00D4C32F /* dictionary.plist */ = {isa = PBXFileReference; fileEncoding = 4; lastKnownFileType = text.plist.xml; path = dictionary.plist; sourceTree = "<group>"; };
/* End PBXFileReference section */

/* Begin PBXFrameworksBuildPhase section */
		A5EAF91E1AF12FC300D4C32F /* Frameworks */ = {
			isa = PBXFrameworksBuildPhase;
			buildActionMask = 2147483647;
			files = (
			);
			runOnlyForDeploymentPostprocessing = 0;
		};
		A5EAF9371AF12FC300D4C32F /* Frameworks */ = {
			isa = PBXFrameworksBuildPhase;
			buildActionMask = 2147483647;
			files = (
			);
			runOnlyForDeploymentPostprocessing = 0;
		};
/* End PBXFrameworksBuildPhase section */

/* Begin PBXGroup section */
		A5EAF9181AF12FC300D4C32F = {
			isa = PBXGroup;
			children = (
				A5EAF9231AF12FC300D4C32F /* WednesdayStretchProblem */,
				A5EAF93D1AF12FC300D4C32F /* WednesdayStretchProblemTests */,
				A5EAF9221AF12FC300D4C32F /* Products */,
			);
			sourceTree = "<group>";
		};
		A5EAF9221AF12FC300D4C32F /* Products */ = {
			isa = PBXGroup;
			children = (
				A5EAF9211AF12FC300D4C32F /* WednesdayStretchProblem.app */,
				A5EAF93A1AF12FC300D4C32F /* WednesdayStretchProblemTests.xctest */,
			);
			name = Products;
			sourceTree = "<group>";
		};
		A5EAF9231AF12FC300D4C32F /* WednesdayStretchProblem */ = {
			isa = PBXGroup;
			children = (
				A5EAF94A1AF1332C00D4C32F /* dictionary.plist */,
				A5EAF9281AF12FC300D4C32F /* AppDelegate.h */,
				A5EAF9291AF12FC300D4C32F /* AppDelegate.m */,
				A5EAF92B1AF12FC300D4C32F /* ViewController.h */,
				A5EAF92C1AF12FC300D4C32F /* ViewController.m */,
				A5EAF92E1AF12FC300D4C32F /* Main.storyboard */,
				A5EAF9311AF12FC300D4C32F /* Images.xcassets */,
				A5EAF9331AF12FC300D4C32F /* LaunchScreen.xib */,
				A5EAF9241AF12FC300D4C32F /* Supporting Files */,
			);
			path = WednesdayStretchProblem;
			sourceTree = "<group>";
		};
		A5EAF9241AF12FC300D4C32F /* Supporting Files */ = {
			isa = PBXGroup;
			children = (
				A5EAF9251AF12FC300D4C32F /* Info.plist */,
				A5EAF9261AF12FC300D4C32F /* main.m */,
			);
			name = "Supporting Files";
			sourceTree = "<group>";
		};
		A5EAF93D1AF12FC300D4C32F /* WednesdayStretchProblemTests */ = {
			isa = PBXGroup;
			children = (
				A5EAF9401AF12FC300D4C32F /* WednesdayStretchProblemTests.m */,
				A5EAF93E1AF12FC300D4C32F /* Supporting Files */,
			);
			path = WednesdayStretchProblemTests;
			sourceTree = "<group>";
		};
		A5EAF93E1AF12FC300D4C32F /* Supporting Files */ = {
			isa = PBXGroup;
			children = (
				A5EAF93F1AF12FC300D4C32F /* Info.plist */,
			);
			name = "Supporting Files";
			sourceTree = "<group>";
		};
/* End PBXGroup section */

/* Begin PBXNativeTarget section */
		A5EAF9201AF12FC300D4C32F /* WednesdayStretchProblem */ = {
			isa = PBXNativeTarget;
			buildConfigurationList = A5EAF9441AF12FC300D4C32F /* Build configuration list for PBXNativeTarget "WednesdayStretchProblem" */;
			buildPhases = (
				A5EAF91D1AF12FC300D4C32F /* Sources */,
				A5EAF91E1AF12FC300D4C32F /* Frameworks */,
				A5EAF91F1AF12FC300D4C32F /* Resources */,
			);
			buildRules = (
			);
			dependencies = (
			);
			name = WednesdayStretchProblem;
			productName = WednesdayStretchProblem;
			productReference = A5EAF9211AF12FC300D4C32F /* WednesdayStretchProblem.app */;
			productType = "com.apple.product-type.application";
		};
		A5EAF9391AF12FC300D4C32F /* WednesdayStretchProblemTests */ = {
			isa = PBXNativeTarget;
			buildConfigurationList = A5EAF9471AF12FC300D4C32F /* Build configuration list for PBXNativeTarget "WednesdayStretchProblemTests" */;
			buildPhases = (
				A5EAF9361AF12FC300D4C32F /* Sources */,
				A5EAF9371AF12FC300D4C32F /* Frameworks */,
				A5EAF9381AF12FC300D4C32F /* Resources */,
			);
			buildRules = (
			);
			dependencies = (
				A5EAF93C1AF12FC300D4C32F /* PBXTargetDependency */,
			);
			name = WednesdayStretchProblemTests;
			productName = WednesdayStretchProblemTests;
			productReference = A5EAF93A1AF12FC300D4C32F /* WednesdayStretchProblemTests.xctest */;
			productType = "com.apple.product-type.bundle.unit-test";
		};
/* End PBXNativeTarget section */

/* Begin PBXProject section */
		A5EAF9191AF12FC300D4C32F /* Project object */ = {
			isa = PBXProject;
			attributes = {
				LastUpgradeCheck = 0630;
				ORGANIZATIONNAME = Doug;
				TargetAttributes = {
					A5EAF9201AF12FC300D4C32F = {
						CreatedOnToolsVersion = 6.3;
					};
					A5EAF9391AF12FC300D4C32F = {
						CreatedOnToolsVersion = 6.3;
						TestTargetID = A5EAF9201AF12FC300D4C32F;
					};
				};
			};
			buildConfigurationList = A5EAF91C1AF12FC300D4C32F /* Build configuration list for PBXProject "WednesdayStretchProblem" */;
			compatibilityVersion = "Xcode 3.2";
			developmentRegion = English;
			hasScannedForEncodings = 0;
			knownRegions = (
				en,
				Base,
			);
			mainGroup = A5EAF9181AF12FC300D4C32F;
			productRefGroup = A5EAF9221AF12FC300D4C32F /* Products */;
			projectDirPath = "";
			projectRoot = "";
			targets = (
				A5EAF9201AF12FC300D4C32F /* WednesdayStretchProblem */,
				A5EAF9391AF12FC300D4C32F /* WednesdayStretchProblemTests */,
			);
		};
/* End PBXProject section */

/* Begin PBXResourcesBuildPhase section */
		A5EAF91F1AF12FC300D4C32F /* Resources */ = {
			isa = PBXResourcesBuildPhase;
			buildActionMask = 2147483647;
			files = (
				A5EAF94B1AF1332C00D4C32F /* dictionary.plist in Resources */,
				A5EAF9301AF12FC300D4C32F /* Main.storyboard in Resources */,
				A5EAF9351AF12FC300D4C32F /* LaunchScreen.xib in Resources */,
				A5EAF9321AF12FC300D4C32F /* Images.xcassets in Resources */,
			);
			runOnlyForDeploymentPostprocessing = 0;
		};
		A5EAF9381AF12FC300D4C32F /* Resources */ = {
			isa = PBXResourcesBuildPhase;
			buildActionMask = 2147483647;
			files = (
			);
			runOnlyForDeploymentPostprocessing = 0;
		};
/* End PBXResourcesBuildPhase section */

/* Begin PBXSourcesBuildPhase section */
		A5EAF91D1AF12FC300D4C32F /* Sources */ = {
			isa = PBXSourcesBuildPhase;
			buildActionMask = 2147483647;
			files = (
				A5EAF92D1AF12FC300D4C32F /* ViewController.m in Sources */,
				A5EAF92A1AF12FC300D4C32F /* AppDelegate.m in Sources */,
				A5EAF9271AF12FC300D4C32F /* main.m in Sources */,
			);
			runOnlyForDeploymentPostprocessing = 0;
		};
		A5EAF9361AF12FC300D4C32F /* Sources */ = {
			isa = PBXSourcesBuildPhase;
			buildActionMask = 2147483647;
			files = (
				A5EAF9411AF12FC300D4C32F /* WednesdayStretchProblemTests.m in Sources */,
			);
			runOnlyForDeploymentPostprocessing = 0;
		};
/* End PBXSourcesBuildPhase section */

/* Begin PBXTargetDependency section */
		A5EAF93C1AF12FC300D4C32F /* PBXTargetDependency */ = {
			isa = PBXTargetDependency;
			target = A5EAF9201AF12FC300D4C32F /* WednesdayStretchProblem */;
			targetProxy = A5EAF93B1AF12FC300D4C32F /* PBXContainerItemProxy */;
		};
/* End PBXTargetDependency section */

/* Begin PBXVariantGroup section */
		A5EAF92E1AF12FC300D4C32F /* Main.storyboard */ = {
			isa = PBXVariantGroup;
			children = (
				A5EAF92F1AF12FC300D4C32F /* Base */,
			);
			name = Main.storyboard;
			sourceTree = "<group>";
		};
		A5EAF9331AF12FC300D4C32F /* LaunchScreen.xib */ = {
			isa = PBXVariantGroup;
			children = (
				A5EAF9341AF12FC300D4C32F /* Base */,
			);
			name = LaunchScreen.xib;
			sourceTree = "<group>";
		};
/* End PBXVariantGroup section */

/* Begin XCBuildConfiguration section */
		A5EAF9421AF12FC300D4C32F /* Debug */ = {
			isa = XCBuildConfiguration;
			buildSettings = {
				ALWAYS_SEARCH_USER_PATHS = NO;
				CLANG_CXX_LANGUAGE_STANDARD = "gnu++0x";
				CLANG_CXX_LIBRARY = "libc++";
				CLANG_ENABLE_MODULES = YES;
				CLANG_ENABLE_OBJC_ARC = YES;
				CLANG_WARN_BOOL_CONVERSION = YES;
				CLANG_WARN_CONSTANT_CONVERSION = YES;
				CLANG_WARN_DIRECT_OBJC_ISA_USAGE = YES_ERROR;
				CLANG_WARN_EMPTY_BODY = YES;
				CLANG_WARN_ENUM_CONVERSION = YES;
				CLANG_WARN_INT_CONVERSION = YES;
				CLANG_WARN_OBJC_ROOT_CLASS = YES_ERROR;
				CLANG_WARN_UNREACHABLE_CODE = YES;
				CLANG_WARN__DUPLICATE_METHOD_MATCH = YES;
				"CODE_SIGN_IDENTITY[sdk=iphoneos*]" = "iPhone Developer";
				COPY_PHASE_STRIP = NO;
				DEBUG_INFORMATION_FORMAT = "dwarf-with-dsym";
				ENABLE_STRICT_OBJC_MSGSEND = YES;
				GCC_C_LANGUAGE_STANDARD = gnu99;
				GCC_DYNAMIC_NO_PIC = NO;
				GCC_NO_COMMON_BLOCKS = YES;
				GCC_OPTIMIZATION_LEVEL = 0;
				GCC_PREPROCESSOR_DEFINITIONS = (
					"DEBUG=1",
					"$(inherited)",
				);
				GCC_SYMBOLS_PRIVATE_EXTERN = NO;
				GCC_WARN_64_TO_32_BIT_CONVERSION = YES;
				GCC_WARN_ABOUT_RETURN_TYPE = YES_ERROR;
				GCC_WARN_UNDECLARED_SELECTOR = YES;
				GCC_WARN_UNINITIALIZED_AUTOS = YES_AGGRESSIVE;
				GCC_WARN_UNUSED_FUNCTION = YES;
				GCC_WARN_UNUSED_VARIABLE = YES;
				IPHONEOS_DEPLOYMENT_TARGET = 8.3;
				MTL_ENABLE_DEBUG_INFO = YES;
				ONLY_ACTIVE_ARCH = YES;
				SDKROOT = iphoneos;
				TARGETED_DEVICE_FAMILY = "1,2";
			};
			name = Debug;
		};
		A5EAF9431AF12FC300D4C32F /* Release */ = {
			isa = XCBuildConfiguration;
			buildSettings = {
				ALWAYS_SEARCH_USER_PATHS = NO;
				CLANG_CXX_LANGUAGE_STANDARD = "gnu++0x";
				CLANG_CXX_LIBRARY = "libc++";
				CLANG_ENABLE_MODULES = YES;
				CLANG_ENABLE_OBJC_ARC = YES;
				CLANG_WARN_BOOL_CONVERSION = YES;
				CLANG_WARN_CONSTANT_CONVERSION = YES;
				CLANG_WARN_DIRECT_OBJC_ISA_USAGE = YES_ERROR;
				CLANG_WARN_EMPTY_BODY = YES;
				CLANG_WARN_ENUM_CONVERSION = YES;
				CLANG_WARN_INT_CONVERSION = YES;
				CLANG_WARN_OBJC_ROOT_CLASS = YES_ERROR;
				CLANG_WARN_UNREACHABLE_CODE = YES;
				CLANG_WARN__DUPLICATE_METHOD_MATCH = YES;
				"CODE_SIGN_IDENTITY[sdk=iphoneos*]" = "iPhone Developer";
				COPY_PHASE_STRIP = NO;
				DEBUG_INFORMATION_FORMAT = "dwarf-with-dsym";
				ENABLE_NS_ASSERTIONS = NO;
				ENABLE_STRICT_OBJC_MSGSEND = YES;
				GCC_C_LANGUAGE_STANDARD = gnu99;
				GCC_NO_COMMON_BLOCKS = YES;
				GCC_WARN_64_TO_32_BIT_CONVERSION = YES;
				GCC_WARN_ABOUT_RETURN_TYPE = YES_ERROR;
				GCC_WARN_UNDECLARED_SELECTOR = YES;
				GCC_WARN_UNINITIALIZED_AUTOS = YES_AGGRESSIVE;
				GCC_WARN_UNUSED_FUNCTION = YES;
				GCC_WARN_UNUSED_VARIABLE = YES;
				IPHONEOS_DEPLOYMENT_TARGET = 8.3;
				MTL_ENABLE_DEBUG_INFO = NO;
				SDKROOT = iphoneos;
				TARGETED_DEVICE_FAMILY = "1,2";
				VALIDATE_PRODUCT = YES;
			};
			name = Release;
		};
		A5EAF9451AF12FC300D4C32F /* Debug */ = {
			isa = XCBuildConfiguration;
			buildSettings = {
				ASSETCATALOG_COMPILER_APPICON_NAME = AppIcon;
				INFOPLIST_FILE = WednesdayStretchProblem/Info.plist;
				LD_RUNPATH_SEARCH_PATHS = "$(inherited) @executable_path/Frameworks";
				PRODUCT_NAME = "$(TARGET_NAME)";
			};
			name = Debug;
		};
		A5EAF9461AF12FC300D4C32F /* Release */ = {
			isa = XCBuildConfiguration;
			buildSettings = {
				ASSETCATALOG_COMPILER_APPICON_NAME = AppIcon;
				INFOPLIST_FILE = WednesdayStretchProblem/Info.plist;
				LD_RUNPATH_SEARCH_PATHS = "$(inherited) @executable_path/Frameworks";
				PRODUCT_NAME = "$(TARGET_NAME)";
			};
			name = Release;
		};
		A5EAF9481AF12FC300D4C32F /* Debug */ = {
			isa = XCBuildConfiguration;
			buildSettings = {
				BUNDLE_LOADER = "$(TEST_HOST)";
				FRAMEWORK_SEARCH_PATHS = (
					"$(SDKROOT)/Developer/Library/Frameworks",
					"$(inherited)",
				);
				GCC_PREPROCESSOR_DEFINITIONS = (
					"DEBUG=1",
					"$(inherited)",
				);
				INFOPLIST_FILE = WednesdayStretchProblemTests/Info.plist;
				LD_RUNPATH_SEARCH_PATHS = "$(inherited) @executable_path/Frameworks @loader_path/Frameworks";
				PRODUCT_NAME = "$(TARGET_NAME)";
				TEST_HOST = "$(BUILT_PRODUCTS_DIR)/WednesdayStretchProblem.app/WednesdayStretchProblem";
			};
			name = Debug;
		};
		A5EAF9491AF12FC300D4C32F /* Release */ = {
			isa = XCBuildConfiguration;
			buildSettings = {
				BUNDLE_LOADER = "$(TEST_HOST)";
				FRAMEWORK_SEARCH_PATHS = (
					"$(SDKROOT)/Developer/Library/Frameworks",
					"$(inherited)",
				);
				INFOPLIST_FILE = WednesdayStretchProblemTests/Info.plist;
				LD_RUNPATH_SEARCH_PATHS = "$(inherited) @executable_path/Frameworks @loader_path/Frameworks";
				PRODUCT_NAME = "$(TARGET_NAME)";
				TEST_HOST = "$(BUILT_PRODUCTS_DIR)/WednesdayStretchProblem.app/WednesdayStretchProblem";
			};
			name = Release;
		};
/* End XCBuildConfiguration section */

/* Begin XCConfigurationList section */
		A5EAF91C1AF12FC300D4C32F /* Build configuration list for PBXProject "WednesdayStretchProblem" */ = {
			isa = XCConfigurationList;
			buildConfigurations = (
				A5EAF9421AF12FC300D4C32F /* Debug */,
				A5EAF9431AF12FC300D4C32F /* Release */,
			);
			defaultConfigurationIsVisible = 0;
			defaultConfigurationName = Release;
		};
		A5EAF9441AF12FC300D4C32F /* Build configuration list for PBXNativeTarget "WednesdayStretchProblem" */ = {
			isa = XCConfigurationList;
			buildConfigurations = (
				A5EAF9451AF12FC300D4C32F /* Debug */,
				A5EAF9461AF12FC300D4C32F /* Release */,
			);
			defaultConfigurationIsVisible = 0;
		};
		A5EAF9471AF12FC300D4C32F /* Build configuration list for PBXNativeTarget "WednesdayStretchProblemTests" */ = {
			isa = XCConfigurationList;
			buildConfigurations = (
				A5EAF9481AF12FC300D4C32F /* Debug */,
				A5EAF9491AF12FC300D4C32F /* Release */,
			);
			defaultConfigurationIsVisible = 0;
		};
/* End XCConfigurationList section */
	};
	rootObject = A5EAF9191AF12FC300D4C32F /* Project object */;
}
